
Microsoft Visual Studio Solution File, Format Version 12.00
# Visual Studio Version 17
VisualStudioVersion = 17.6.33815.320
MinimumVisualStudioVersion = 10.0.40219.1
Project("{FAE04EC0-301F-11D3-BF4B-00C04F79EFBC}") = "ShoeStore", "ShoeStore\ShoeStore.csproj", "{1854AFE0-E76F-4195-BF96-529FE32332C5}"
EndProject
Global
	GlobalSection(SolutionConfigurationPlatforms) = preSolution
		Debug|Any CPU = Debug|Any CPU
		Release|Any CPU = Release|Any CPU
	EndGlobalSection
	GlobalSection(ProjectConfigurationPlatforms) = postSolution
		{1854AFE0-E76F-4195-BF96-529FE32332C5}.Debug|Any CPU.ActiveCfg = Debug|Any CPU
		{1854AFE0-E76F-4195-BF96-529FE32332C5}.Debug|Any CPU.Build.0 = Debug|Any CPU
		{1854AFE0-E76F-4195-BF96-529FE32332C5}.Release|Any CPU.ActiveCfg = Release|Any CPU
		{1854AFE0-E76F-4195-BF96-529FE32332C5}.Release|Any CPU.Build.0 = Release|Any CPU
	EndGlobalSection
	GlobalSection(SolutionProperties) = preSolution
		HideSolutionNode = FALSE
	EndGlobalSection
	GlobalSection(ExtensibilityGlobals) = postSolution
		SolutionGuid = {8224535B-C218-4CB7-A9DD-D64310EAA44F}
	EndGlobalSection
EndGlobal
